
Microsoft Visual Studio Solution File, Format Version 12.00
# Visual Studio Version 16
VisualStudioVersion = 16.0.30320.27
MinimumVisualStudioVersion = 10.0.40219.1
Project("{9A19103F-16F7-4668-BE54-9A1E7A4F7556}") = "MyBanker", "MyBanker\MyBanker.csproj", "{40374B9E-4B55-4C1A-A0BD-FAB19BFF4652}"
EndProject
Project("{9A19103F-16F7-4668-BE54-9A1E7A4F7556}") = "InheritanceGeometrics", "..\..\..\source\repos\SkoleOpgaver\InheritanceGeometrics\InheritanceGeometrics.csproj", "{B986E945-1A53-44D7-A0CC-E23F96C32454}"
EndProject
Project("{9A19103F-16F7-4668-BE54-9A1E7A4F7556}") = "Jacob", "Jacob\Jacob.csproj", "{CBB962A1-09F4-41B2-A30B-D0A93FB2FAF7}"
EndProject
Project("{9A19103F-16F7-4668-BE54-9A1E7A4F7556}") = "KaffeMaskinen", "KaffeMaskinen Del1\KaffeMaskinen.csproj", "{5D349B23-62B5-492F-BBD8-206D61A0BB06}"
EndProject
Project("{9A19103F-16F7-4668-BE54-9A1E7A4F7556}") = "BirdsFlyingAround_App", "BirdsFlyingAround_App\BirdsFlyingAround_App.csproj", "{0AC38AD5-69F7-44C4-8C7B-9F74ED909200}"
EndProject
Project("{9A19103F-16F7-4668-BE54-9A1E7A4F7556}") = "HjælpLone", "HjælpLone\HjælpLone.csproj", "{4431A4F8-8D8C-4E3D-ACEE-0969EB34761A}"
EndProject
Project("{9A19103F-16F7-4668-BE54-9A1E7A4F7556}") = "IP_App", "IP_App\IP_App.csproj", "{B6DE8FA3-980B-46FC-B7EA-970ADFD34EB3}"
EndProject
Project("{FAE04EC0-301F-11D3-BF4B-00C04F79EFBC}") = "TestWindowsService", "TestWindowsService\TestWindowsService.csproj", "{2E3C3AB3-F270-4EDE-8F3F-DECBAA8B725C}"
EndProject
Project("{9A19103F-16F7-4668-BE54-9A1E7A4F7556}") = "Threading", "Threading\Threading.csproj", "{B50C0037-2D11-4FB5-9F37-3260FE35E49E}"
EndProject
Project("{9A19103F-16F7-4668-BE54-9A1E7A4F7556}") = "Threading_Temp", "Threading_Temp\Threading_Temp.csproj", "{AB290DF2-F262-4660-A5BA-05D108243D66}"
EndProject
Project("{9A19103F-16F7-4668-BE54-9A1E7A4F7556}") = "Threading_Input", "Threading_Input\Threading_Input.csproj", "{518D42AA-DEEA-4704-A97C-A6BE2BD20CEB}"
EndProject
Project("{9A19103F-16F7-4668-BE54-9A1E7A4F7556}") = "Threading_Locks", "Threading_Locks\Threading_Locks.csproj", "{292B8B7F-D90A-4105-A32C-71AF48B2C4D8}"
EndProject
Project("{9A19103F-16F7-4668-BE54-9A1E7A4F7556}") = "Dining_Philophers", "Dining_Philophers\Dining_Philophers.csproj", "{4EFDB309-306A-452C-9AD9-B00E20B63295}"
EndProject
Project("{9A19103F-16F7-4668-BE54-9A1E7A4F7556}") = "Producer_Consumer", "Producer_Consumer\Producer_Consumer.csproj", "{9BC82BDF-23E4-4154-B0E3-720EDC4DD7B8}"
EndProject
Project("{9A19103F-16F7-4668-BE54-9A1E7A4F7556}") = "FlaskeAutomat", "FlaskeAutomat\FlaskeAutomat.csproj", "{5DE4D877-8285-4157-B365-2606A29C9710}"
EndProject
Project("{9A19103F-16F7-4668-BE54-9A1E7A4F7556}") = "BagageSorting", "BagageSorting\BagageSorting.csproj", "{7D2A4ECE-E6C8-4AD1-AD6C-FEFF33EDB0D7}"
EndProject
Project("{9A19103F-16F7-4668-BE54-9A1E7A4F7556}") = "Tilfældigheder", "Tilfældigheder\Tilfældigheder.csproj", "{5F223D7A-A289-41D7-9C4C-BC9761D8E9FC}"
EndProject
Project("{9A19103F-16F7-4668-BE54-9A1E7A4F7556}") = "SymetriskKryptering", "SymetriskKryptering\SymetriskKryptering.csproj", "{2B3EB6EA-0CA5-4CA3-8B21-C03E632AA70C}"
EndProject
Project("{9A19103F-16F7-4668-BE54-9A1E7A4F7556}") = "TempTest", "TempTest\TempTest.csproj", "{D837819C-03A0-4B01-96EF-2EAF7B292701}"
EndProject
Project("{9A19103F-16F7-4668-BE54-9A1E7A4F7556}") = "ThreadPoolDemo", "ThreadPoolDemo\ThreadPoolDemo.csproj", "{B69B36E7-5691-4F27-889E-2984525AC37A}"
EndProject
Project("{9A19103F-16F7-4668-BE54-9A1E7A4F7556}") = "Event_Demo", "Event_Demo\Event_Demo.csproj", "{E1A788A0-C709-4118-803D-2E75687CAA6C}"
EndProject
Project("{9A19103F-16F7-4668-BE54-9A1E7A4F7556}") = "FlaskeAutomaten", "FlaskeAutomaten\FlaskeAutomaten.csproj", "{7184DA5F-EEE0-4784-9598-C219789E6F1E}"
EndProject
Project("{9A19103F-16F7-4668-BE54-9A1E7A4F7556}") = "Cypher", "Cypher\Cypher.csproj", "{15EFA9FE-072E-4388-8C33-EB654908113F}"
EndProject
Project("{9A19103F-16F7-4668-BE54-9A1E7A4F7556}") = "Hashing", "Hashing\Hashing.csproj", "{26A89E3F-C199-4D91-957C-9E137EB0DCCF}"
EndProject
Project("{9A19103F-16F7-4668-BE54-9A1E7A4F7556}") = "Hash_Test", "Hash_Test\Hash_Test.csproj", "{DBB57976-3849-4C3A-A922-0F1A710958CA}"
EndProject
Project("{9A19103F-16F7-4668-BE54-9A1E7A4F7556}") = "SecurePassword", "SecurePassword\SecurePassword.csproj", "{F90D532F-E3B7-4BB3-9084-06C132F688D7}"
EndProject
Project("{9A19103F-16F7-4668-BE54-9A1E7A4F7556}") = "ASymetriskKrypteringModtager", "ASymetriskKrypteringModtager\ASymetriskKrypteringModtager.csproj", "{CDD1AAC4-4A49-432D-9696-3F3734B31AD0}"
EndProject
Project("{9A19103F-16F7-4668-BE54-9A1E7A4F7556}") = "ASymetriskKrypteringAfsender", "ASymetriskKrypteringAfsender\ASymetriskKrypteringAfsender.csproj", "{62C40815-7C1A-4CF6-9006-5A2DE6728D3F}"
EndProject
Project("{FAE04EC0-301F-11D3-BF4B-00C04F79EFBC}") = "CoffeeMachine", "CoffeeMachine\CoffeeMachine.csproj", "{C3F85D80-474C-4D08-8895-4C935F1E29B3}"
EndProject
Project("{9A19103F-16F7-4668-BE54-9A1E7A4F7556}") = "CoffeeMachine_Del2", "CoffeeMachine Del 2\CoffeeMachine_Del2.csproj", "{8F5F521E-2FD5-4AD7-88B3-E45DCAC2D417}"
EndProject
Global
	GlobalSection(SolutionConfigurationPlatforms) = preSolution
		Debug|Any CPU = Debug|Any CPU
		Release|Any CPU = Release|Any CPU
	EndGlobalSection
	GlobalSection(ProjectConfigurationPlatforms) = postSolution
		{40374B9E-4B55-4C1A-A0BD-FAB19BFF4652}.Debug|Any CPU.ActiveCfg = Debug|Any CPU
		{40374B9E-4B55-4C1A-A0BD-FAB19BFF4652}.Debug|Any CPU.Build.0 = Debug|Any CPU
		{40374B9E-4B55-4C1A-A0BD-FAB19BFF4652}.Release|Any CPU.ActiveCfg = Release|Any CPU
		{40374B9E-4B55-4C1A-A0BD-FAB19BFF4652}.Release|Any CPU.Build.0 = Release|Any CPU
		{B986E945-1A53-44D7-A0CC-E23F96C32454}.Debug|Any CPU.ActiveCfg = Debug|Any CPU
		{B986E945-1A53-44D7-A0CC-E23F96C32454}.Debug|Any CPU.Build.0 = Debug|Any CPU
		{B986E945-1A53-44D7-A0CC-E23F96C32454}.Release|Any CPU.ActiveCfg = Release|Any CPU
		{B986E945-1A53-44D7-A0CC-E23F96C32454}.Release|Any CPU.Build.0 = Release|Any CPU
		{CBB962A1-09F4-41B2-A30B-D0A93FB2FAF7}.Debug|Any CPU.ActiveCfg = Debug|Any CPU
		{CBB962A1-09F4-41B2-A30B-D0A93FB2FAF7}.Debug|Any CPU.Build.0 = Debug|Any CPU
		{CBB962A1-09F4-41B2-A30B-D0A93FB2FAF7}.Release|Any CPU.ActiveCfg = Release|Any CPU
		{CBB962A1-09F4-41B2-A30B-D0A93FB2FAF7}.Release|Any CPU.Build.0 = Release|Any CPU
		{5D349B23-62B5-492F-BBD8-206D61A0BB06}.Debug|Any CPU.ActiveCfg = Debug|Any CPU
		{5D349B23-62B5-492F-BBD8-206D61A0BB06}.Debug|Any CPU.Build.0 = Debug|Any CPU
		{5D349B23-62B5-492F-BBD8-206D61A0BB06}.Release|Any CPU.ActiveCfg = Release|Any CPU
		{5D349B23-62B5-492F-BBD8-206D61A0BB06}.Release|Any CPU.Build.0 = Release|Any CPU
		{0AC38AD5-69F7-44C4-8C7B-9F74ED909200}.Debug|Any CPU.ActiveCfg = Debug|Any CPU
		{0AC38AD5-69F7-44C4-8C7B-9F74ED909200}.Debug|Any CPU.Build.0 = Debug|Any CPU
		{0AC38AD5-69F7-44C4-8C7B-9F74ED909200}.Release|Any CPU.ActiveCfg = Release|Any CPU
		{0AC38AD5-69F7-44C4-8C7B-9F74ED909200}.Release|Any CPU.Build.0 = Release|Any CPU
		{4431A4F8-8D8C-4E3D-ACEE-0969EB34761A}.Debug|Any CPU.ActiveCfg = Debug|Any CPU
		{4431A4F8-8D8C-4E3D-ACEE-0969EB34761A}.Debug|Any CPU.Build.0 = Debug|Any CPU
		{4431A4F8-8D8C-4E3D-ACEE-0969EB34761A}.Release|Any CPU.ActiveCfg = Release|Any CPU
		{4431A4F8-8D8C-4E3D-ACEE-0969EB34761A}.Release|Any CPU.Build.0 = Release|Any CPU
		{B6DE8FA3-980B-46FC-B7EA-970ADFD34EB3}.Debug|Any CPU.ActiveCfg = Debug|Any CPU
		{B6DE8FA3-980B-46FC-B7EA-970ADFD34EB3}.Debug|Any CPU.Build.0 = Debug|Any CPU
		{B6DE8FA3-980B-46FC-B7EA-970ADFD34EB3}.Release|Any CPU.ActiveCfg = Release|Any CPU
		{B6DE8FA3-980B-46FC-B7EA-970ADFD34EB3}.Release|Any CPU.Build.0 = Release|Any CPU
		{2E3C3AB3-F270-4EDE-8F3F-DECBAA8B725C}.Debug|Any CPU.ActiveCfg = Debug|Any CPU
		{2E3C3AB3-F270-4EDE-8F3F-DECBAA8B725C}.Debug|Any CPU.Build.0 = Debug|Any CPU
		{2E3C3AB3-F270-4EDE-8F3F-DECBAA8B725C}.Release|Any CPU.ActiveCfg = Release|Any CPU
		{2E3C3AB3-F270-4EDE-8F3F-DECBAA8B725C}.Release|Any CPU.Build.0 = Release|Any CPU
		{B50C0037-2D11-4FB5-9F37-3260FE35E49E}.Debug|Any CPU.ActiveCfg = Debug|Any CPU
		{B50C0037-2D11-4FB5-9F37-3260FE35E49E}.Debug|Any CPU.Build.0 = Debug|Any CPU
		{B50C0037-2D11-4FB5-9F37-3260FE35E49E}.Release|Any CPU.ActiveCfg = Release|Any CPU
		{B50C0037-2D11-4FB5-9F37-3260FE35E49E}.Release|Any CPU.Build.0 = Release|Any CPU
		{AB290DF2-F262-4660-A5BA-05D108243D66}.Debug|Any CPU.ActiveCfg = Debug|Any CPU
		{AB290DF2-F262-4660-A5BA-05D108243D66}.Debug|Any CPU.Build.0 = Debug|Any CPU
		{AB290DF2-F262-4660-A5BA-05D108243D66}.Release|Any CPU.ActiveCfg = Release|Any CPU
		{AB290DF2-F262-4660-A5BA-05D108243D66}.Release|Any CPU.Build.0 = Release|Any CPU
		{518D42AA-DEEA-4704-A97C-A6BE2BD20CEB}.Debug|Any CPU.ActiveCfg = Debug|Any CPU
		{518D42AA-DEEA-4704-A97C-A6BE2BD20CEB}.Debug|Any CPU.Build.0 = Debug|Any CPU
		{518D42AA-DEEA-4704-A97C-A6BE2BD20CEB}.Release|Any CPU.ActiveCfg = Release|Any CPU
		{518D42AA-DEEA-4704-A97C-A6BE2BD20CEB}.Release|Any CPU.Build.0 = Release|Any CPU
		{292B8B7F-D90A-4105-A32C-71AF48B2C4D8}.Debug|Any CPU.ActiveCfg = Debug|Any CPU
		{292B8B7F-D90A-4105-A32C-71AF48B2C4D8}.Debug|Any CPU.Build.0 = Debug|Any CPU
		{292B8B7F-D90A-4105-A32C-71AF48B2C4D8}.Release|Any CPU.ActiveCfg = Release|Any CPU
		{292B8B7F-D90A-4105-A32C-71AF48B2C4D8}.Release|Any CPU.Build.0 = Release|Any CPU
		{4EFDB309-306A-452C-9AD9-B00E20B63295}.Debug|Any CPU.ActiveCfg = Debug|Any CPU
		{4EFDB309-306A-452C-9AD9-B00E20B63295}.Debug|Any CPU.Build.0 = Debug|Any CPU
		{4EFDB309-306A-452C-9AD9-B00E20B63295}.Release|Any CPU.ActiveCfg = Release|Any CPU
		{4EFDB309-306A-452C-9AD9-B00E20B63295}.Release|Any CPU.Build.0 = Release|Any CPU
		{9BC82BDF-23E4-4154-B0E3-720EDC4DD7B8}.Debug|Any CPU.ActiveCfg = Debug|Any CPU
		{9BC82BDF-23E4-4154-B0E3-720EDC4DD7B8}.Debug|Any CPU.Build.0 = Debug|Any CPU
		{9BC82BDF-23E4-4154-B0E3-720EDC4DD7B8}.Release|Any CPU.ActiveCfg = Release|Any CPU
		{9BC82BDF-23E4-4154-B0E3-720EDC4DD7B8}.Release|Any CPU.Build.0 = Release|Any CPU
		{5DE4D877-8285-4157-B365-2606A29C9710}.Debug|Any CPU.ActiveCfg = Debug|Any CPU
		{5DE4D877-8285-4157-B365-2606A29C9710}.Debug|Any CPU.Build.0 = Debug|Any CPU
		{5DE4D877-8285-4157-B365-2606A29C9710}.Release|Any CPU.ActiveCfg = Release|Any CPU
		{5DE4D877-8285-4157-B365-2606A29C9710}.Release|Any CPU.Build.0 = Release|Any CPU
		{7D2A4ECE-E6C8-4AD1-AD6C-FEFF33EDB0D7}.Debug|Any CPU.ActiveCfg = Debug|Any CPU
		{7D2A4ECE-E6C8-4AD1-AD6C-FEFF33EDB0D7}.Debug|Any CPU.Build.0 = Debug|Any CPU
		{7D2A4ECE-E6C8-4AD1-AD6C-FEFF33EDB0D7}.Release|Any CPU.ActiveCfg = Release|Any CPU
		{7D2A4ECE-E6C8-4AD1-AD6C-FEFF33EDB0D7}.Release|Any CPU.Build.0 = Release|Any CPU
		{5F223D7A-A289-41D7-9C4C-BC9761D8E9FC}.Debug|Any CPU.ActiveCfg = Debug|Any CPU
		{5F223D7A-A289-41D7-9C4C-BC9761D8E9FC}.Debug|Any CPU.Build.0 = Debug|Any CPU
		{5F223D7A-A289-41D7-9C4C-BC9761D8E9FC}.Release|Any CPU.ActiveCfg = Release|Any CPU
		{5F223D7A-A289-41D7-9C4C-BC9761D8E9FC}.Release|Any CPU.Build.0 = Release|Any CPU
		{2B3EB6EA-0CA5-4CA3-8B21-C03E632AA70C}.Debug|Any CPU.ActiveCfg = Debug|Any CPU
		{2B3EB6EA-0CA5-4CA3-8B21-C03E632AA70C}.Debug|Any CPU.Build.0 = Debug|Any CPU
		{2B3EB6EA-0CA5-4CA3-8B21-C03E632AA70C}.Release|Any CPU.ActiveCfg = Release|Any CPU
		{2B3EB6EA-0CA5-4CA3-8B21-C03E632AA70C}.Release|Any CPU.Build.0 = Release|Any CPU
		{D837819C-03A0-4B01-96EF-2EAF7B292701}.Debug|Any CPU.ActiveCfg = Debug|Any CPU
		{D837819C-03A0-4B01-96EF-2EAF7B292701}.Debug|Any CPU.Build.0 = Debug|Any CPU
		{D837819C-03A0-4B01-96EF-2EAF7B292701}.Release|Any CPU.ActiveCfg = Release|Any CPU
		{D837819C-03A0-4B01-96EF-2EAF7B292701}.Release|Any CPU.Build.0 = Release|Any CPU
		{B69B36E7-5691-4F27-889E-2984525AC37A}.Debug|Any CPU.ActiveCfg = Debug|Any CPU
		{B69B36E7-5691-4F27-889E-2984525AC37A}.Debug|Any CPU.Build.0 = Debug|Any CPU
		{B69B36E7-5691-4F27-889E-2984525AC37A}.Release|Any CPU.ActiveCfg = Release|Any CPU
		{B69B36E7-5691-4F27-889E-2984525AC37A}.Release|Any CPU.Build.0 = Release|Any CPU
		{E1A788A0-C709-4118-803D-2E75687CAA6C}.Debug|Any CPU.ActiveCfg = Debug|Any CPU
		{E1A788A0-C709-4118-803D-2E75687CAA6C}.Debug|Any CPU.Build.0 = Debug|Any CPU
		{E1A788A0-C709-4118-803D-2E75687CAA6C}.Release|Any CPU.ActiveCfg = Release|Any CPU
		{E1A788A0-C709-4118-803D-2E75687CAA6C}.Release|Any CPU.Build.0 = Release|Any CPU
		{7184DA5F-EEE0-4784-9598-C219789E6F1E}.Debug|Any CPU.ActiveCfg = Debug|Any CPU
		{7184DA5F-EEE0-4784-9598-C219789E6F1E}.Debug|Any CPU.Build.0 = Debug|Any CPU
		{7184DA5F-EEE0-4784-9598-C219789E6F1E}.Release|Any CPU.ActiveCfg = Release|Any CPU
		{7184DA5F-EEE0-4784-9598-C219789E6F1E}.Release|Any CPU.Build.0 = Release|Any CPU
		{15EFA9FE-072E-4388-8C33-EB654908113F}.Debug|Any CPU.ActiveCfg = Debug|Any CPU
		{15EFA9FE-072E-4388-8C33-EB654908113F}.Debug|Any CPU.Build.0 = Debug|Any CPU
		{15EFA9FE-072E-4388-8C33-EB654908113F}.Release|Any CPU.ActiveCfg = Release|Any CPU
		{15EFA9FE-072E-4388-8C33-EB654908113F}.Release|Any CPU.Build.0 = Release|Any CPU
		{26A89E3F-C199-4D91-957C-9E137EB0DCCF}.Debug|Any CPU.ActiveCfg = Debug|Any CPU
		{26A89E3F-C199-4D91-957C-9E137EB0DCCF}.Debug|Any CPU.Build.0 = Debug|Any CPU
		{26A89E3F-C199-4D91-957C-9E137EB0DCCF}.Release|Any CPU.ActiveCfg = Release|Any CPU
		{26A89E3F-C199-4D91-957C-9E137EB0DCCF}.Release|Any CPU.Build.0 = Release|Any CPU
		{DBB57976-3849-4C3A-A922-0F1A710958CA}.Debug|Any CPU.ActiveCfg = Debug|Any CPU
		{DBB57976-3849-4C3A-A922-0F1A710958CA}.Debug|Any CPU.Build.0 = Debug|Any CPU
		{DBB57976-3849-4C3A-A922-0F1A710958CA}.Release|Any CPU.ActiveCfg = Release|Any CPU
		{DBB57976-3849-4C3A-A922-0F1A710958CA}.Release|Any CPU.Build.0 = Release|Any CPU
		{F90D532F-E3B7-4BB3-9084-06C132F688D7}.Debug|Any CPU.ActiveCfg = Debug|Any CPU
		{F90D532F-E3B7-4BB3-9084-06C132F688D7}.Debug|Any CPU.Build.0 = Debug|Any CPU
		{F90D532F-E3B7-4BB3-9084-06C132F688D7}.Release|Any CPU.ActiveCfg = Release|Any CPU
		{F90D532F-E3B7-4BB3-9084-06C132F688D7}.Release|Any CPU.Build.0 = Release|Any CPU
		{CDD1AAC4-4A49-432D-9696-3F3734B31AD0}.Debug|Any CPU.ActiveCfg = Debug|Any CPU
		{CDD1AAC4-4A49-432D-9696-3F3734B31AD0}.Debug|Any CPU.Build.0 = Debug|Any CPU
		{CDD1AAC4-4A49-432D-9696-3F3734B31AD0}.Release|Any CPU.ActiveCfg = Release|Any CPU
		{CDD1AAC4-4A49-432D-9696-3F3734B31AD0}.Release|Any CPU.Build.0 = Release|Any CPU
		{62C40815-7C1A-4CF6-9006-5A2DE6728D3F}.Debug|Any CPU.ActiveCfg = Debug|Any CPU
		{62C40815-7C1A-4CF6-9006-5A2DE6728D3F}.Debug|Any CPU.Build.0 = Debug|Any CPU
		{62C40815-7C1A-4CF6-9006-5A2DE6728D3F}.Release|Any CPU.ActiveCfg = Release|Any CPU
		{62C40815-7C1A-4CF6-9006-5A2DE6728D3F}.Release|Any CPU.Build.0 = Release|Any CPU
		{C3F85D80-474C-4D08-8895-4C935F1E29B3}.Debug|Any CPU.ActiveCfg = Debug|Any CPU
		{C3F85D80-474C-4D08-8895-4C935F1E29B3}.Debug|Any CPU.Build.0 = Debug|Any CPU
		{C3F85D80-474C-4D08-8895-4C935F1E29B3}.Release|Any CPU.ActiveCfg = Release|Any CPU
		{C3F85D80-474C-4D08-8895-4C935F1E29B3}.Release|Any CPU.Build.0 = Release|Any CPU
		{8F5F521E-2FD5-4AD7-88B3-E45DCAC2D417}.Debug|Any CPU.ActiveCfg = Debug|Any CPU
		{8F5F521E-2FD5-4AD7-88B3-E45DCAC2D417}.Debug|Any CPU.Build.0 = Debug|Any CPU
		{8F5F521E-2FD5-4AD7-88B3-E45DCAC2D417}.Release|Any CPU.ActiveCfg = Release|Any CPU
		{8F5F521E-2FD5-4AD7-88B3-E45DCAC2D417}.Release|Any CPU.Build.0 = Release|Any CPU
	EndGlobalSection
	GlobalSection(SolutionProperties) = preSolution
		HideSolutionNode = FALSE
	EndGlobalSection
	GlobalSection(ExtensibilityGlobals) = postSolution
		SolutionGuid = {93B3B6FD-F48E-4094-AEE3-E5D73BFE79A6}
	EndGlobalSection
EndGlobal
