
Microsoft Visual Studio Solution File, Format Version 12.00
# Visual Studio Version 16
VisualStudioVersion = 16.0.30320.27
MinimumVisualStudioVersion = 10.0.40219.1
Project("{9A19103F-16F7-4668-BE54-9A1E7A4F7556}") = "MyBanker", "MyBanker\MyBanker.csproj", "{40374B9E-4B55-4C1A-A0BD-FAB19BFF4652}"
EndProject
Project("{9A19103F-16F7-4668-BE54-9A1E7A4F7556}") = "InheritanceGeometrics", "..\..\..\source\repos\SkoleOpgaver\InheritanceGeometrics\InheritanceGeometrics.csproj", "{B986E945-1A53-44D7-A0CC-E23F96C32454}"
EndProject
Project("{9A19103F-16F7-4668-BE54-9A1E7A4F7556}") = "Jacob", "Jacob\Jacob.csproj", "{CBB962A1-09F4-41B2-A30B-D0A93FB2FAF7}"
EndProject
Project("{9A19103F-16F7-4668-BE54-9A1E7A4F7556}") = "KaffeMaskinen", "KaffeMaskinen Del1\KaffeMaskinen.csproj", "{5D349B23-62B5-492F-BBD8-206D61A0BB06}"
EndProject
Project("{9A19103F-16F7-4668-BE54-9A1E7A4F7556}") = "BirdsFlyingAround_App", "BirdsFlyingAround_App\BirdsFlyingAround_App.csproj", "{0AC38AD5-69F7-44C4-8C7B-9F74ED909200}"
EndProject
Project("{9A19103F-16F7-4668-BE54-9A1E7A4F7556}") = "HjælpLone", "HjælpLone\HjælpLone.csproj", "{4431A4F8-8D8C-4E3D-ACEE-0969EB34761A}"
EndProject
Project("{9A19103F-16F7-4668-BE54-9A1E7A4F7556}") = "IP_App", "IP_App\IP_App.csproj", "{B6DE8FA3-980B-46FC-B7EA-970ADFD34EB3}"
EndProject
Project("{FAE04EC0-301F-11D3-BF4B-00C04F79EFBC}") = "TestWindowsService", "TestWindowsService\TestWindowsService.csproj", "{2E3C3AB3-F270-4EDE-8F3F-DECBAA8B725C}"
EndProject
Project("{9A19103F-16F7-4668-BE54-9A1E7A4F7556}") = "Threading", "Threading\Threading.csproj", "{B50C0037-2D11-4FB5-9F37-3260FE35E49E}"
EndProject
Project("{9A19103F-16F7-4668-BE54-9A1E7A4F7556}") = "Threading_Temp", "Threading_Temp\Threading_Temp.csproj", "{AB290DF2-F262-4660-A5BA-05D108243D66}"
EndProject
Project("{9A19103F-16F7-4668-BE54-9A1E7A4F7556}") = "Threading_Input", "Threading_Input\Threading_Input.csproj", "{518D42AA-DEEA-4704-A97C-A6BE2BD20CEB}"
EndProject
Project("{9A19103F-16F7-4668-BE54-9A1E7A4F7556}") = "ThreadPoolDemo", "ThreadPool\ThreadPoolDemo.csproj", "{18510CFB-49B2-41B8-83A8-CC0AB6F8E554}"
EndProject
Project("{9A19103F-16F7-4668-BE54-9A1E7A4F7556}") = "Threading_Locks", "Threading_Locks\Threading_Locks.csproj", "{292B8B7F-D90A-4105-A32C-71AF48B2C4D8}"
EndProject
Project("{9A19103F-16F7-4668-BE54-9A1E7A4F7556}") = "Dining_Philophers", "Dining_Philophers\Dining_Philophers.csproj", "{4EFDB309-306A-452C-9AD9-B00E20B63295}"
EndProject
Project("{9A19103F-16F7-4668-BE54-9A1E7A4F7556}") = "Producer_Consumer", "Producer_Consumer\Producer_Consumer.csproj", "{9BC82BDF-23E4-4154-B0E3-720EDC4DD7B8}"
EndProject
Project("{9A19103F-16F7-4668-BE54-9A1E7A4F7556}") = "FlaskeAutomat", "FlaskeAutomat\FlaskeAutomat.csproj", "{5DE4D877-8285-4157-B365-2606A29C9710}"
EndProject
Project("{9A19103F-16F7-4668-BE54-9A1E7A4F7556}") = "BagageSorting", "BagageSorting\BagageSorting.csproj", "{7D2A4ECE-E6C8-4AD1-AD6C-FEFF33EDB0D7}"
EndProject
Project("{FAE04EC0-301F-11D3-BF4B-00C04F79EFBC}") = "Tilfældigheder", "Tilfældigheder\Tilfældigheder.csproj", "{5F223D7A-A289-41D7-9C4C-BC9761D8E9FC}"
EndProject
Global
	GlobalSection(SolutionConfigurationPlatforms) = preSolution
		Debug|Any CPU = Debug|Any CPU
		Release|Any CPU = Release|Any CPU
	EndGlobalSection
	GlobalSection(ProjectConfigurationPlatforms) = postSolution
		{40374B9E-4B55-4C1A-A0BD-FAB19BFF4652}.Debug|Any CPU.ActiveCfg = Debug|Any CPU
		{40374B9E-4B55-4C1A-A0BD-FAB19BFF4652}.Debug|Any CPU.Build.0 = Debug|Any CPU
		{40374B9E-4B55-4C1A-A0BD-FAB19BFF4652}.Release|Any CPU.ActiveCfg = Release|Any CPU
		{40374B9E-4B55-4C1A-A0BD-FAB19BFF4652}.Release|Any CPU.Build.0 = Release|Any CPU
		{B986E945-1A53-44D7-A0CC-E23F96C32454}.Debug|Any CPU.ActiveCfg = Debug|Any CPU
		{B986E945-1A53-44D7-A0CC-E23F96C32454}.Debug|Any CPU.Build.0 = Debug|Any CPU
		{B986E945-1A53-44D7-A0CC-E23F96C32454}.Release|Any CPU.ActiveCfg = Release|Any CPU
		{B986E945-1A53-44D7-A0CC-E23F96C32454}.Release|Any CPU.Build.0 = Release|Any CPU
		{CBB962A1-09F4-41B2-A30B-D0A93FB2FAF7}.Debug|Any CPU.ActiveCfg = Debug|Any CPU
		{CBB962A1-09F4-41B2-A30B-D0A93FB2FAF7}.Debug|Any CPU.Build.0 = Debug|Any CPU
		{CBB962A1-09F4-41B2-A30B-D0A93FB2FAF7}.Release|Any CPU.ActiveCfg = Release|Any CPU
		{CBB962A1-09F4-41B2-A30B-D0A93FB2FAF7}.Release|Any CPU.Build.0 = Release|Any CPU
		{5D349B23-62B5-492F-BBD8-206D61A0BB06}.Debug|Any CPU.ActiveCfg = Debug|Any CPU
		{5D349B23-62B5-492F-BBD8-206D61A0BB06}.Debug|Any CPU.Build.0 = Debug|Any CPU
		{5D349B23-62B5-492F-BBD8-206D61A0BB06}.Release|Any CPU.ActiveCfg = Release|Any CPU
		{5D349B23-62B5-492F-BBD8-206D61A0BB06}.Release|Any CPU.Build.0 = Release|Any CPU
		{0AC38AD5-69F7-44C4-8C7B-9F74ED909200}.Debug|Any CPU.ActiveCfg = Debug|Any CPU
		{0AC38AD5-69F7-44C4-8C7B-9F74ED909200}.Debug|Any CPU.Build.0 = Debug|Any CPU
		{0AC38AD5-69F7-44C4-8C7B-9F74ED909200}.Release|Any CPU.ActiveCfg = Release|Any CPU
		{0AC38AD5-69F7-44C4-8C7B-9F74ED909200}.Release|Any CPU.Build.0 = Release|Any CPU
		{4431A4F8-8D8C-4E3D-ACEE-0969EB34761A}.Debug|Any CPU.ActiveCfg = Debug|Any CPU
		{4431A4F8-8D8C-4E3D-ACEE-0969EB34761A}.Debug|Any CPU.Build.0 = Debug|Any CPU
		{4431A4F8-8D8C-4E3D-ACEE-0969EB34761A}.Release|Any CPU.ActiveCfg = Release|Any CPU
		{4431A4F8-8D8C-4E3D-ACEE-0969EB34761A}.Release|Any CPU.Build.0 = Release|Any CPU
		{B6DE8FA3-980B-46FC-B7EA-970ADFD34EB3}.Debug|Any CPU.ActiveCfg = Debug|Any CPU
		{B6DE8FA3-980B-46FC-B7EA-970ADFD34EB3}.Debug|Any CPU.Build.0 = Debug|Any CPU
		{B6DE8FA3-980B-46FC-B7EA-970ADFD34EB3}.Release|Any CPU.ActiveCfg = Release|Any CPU
		{B6DE8FA3-980B-46FC-B7EA-970ADFD34EB3}.Release|Any CPU.Build.0 = Release|Any CPU
		{2E3C3AB3-F270-4EDE-8F3F-DECBAA8B725C}.Debug|Any CPU.ActiveCfg = Debug|Any CPU
		{2E3C3AB3-F270-4EDE-8F3F-DECBAA8B725C}.Debug|Any CPU.Build.0 = Debug|Any CPU
		{2E3C3AB3-F270-4EDE-8F3F-DECBAA8B725C}.Release|Any CPU.ActiveCfg = Release|Any CPU
		{2E3C3AB3-F270-4EDE-8F3F-DECBAA8B725C}.Release|Any CPU.Build.0 = Release|Any CPU
		{B50C0037-2D11-4FB5-9F37-3260FE35E49E}.Debug|Any CPU.ActiveCfg = Debug|Any CPU
		{B50C0037-2D11-4FB5-9F37-3260FE35E49E}.Debug|Any CPU.Build.0 = Debug|Any CPU
		{B50C0037-2D11-4FB5-9F37-3260FE35E49E}.Release|Any CPU.ActiveCfg = Release|Any CPU
		{B50C0037-2D11-4FB5-9F37-3260FE35E49E}.Release|Any CPU.Build.0 = Release|Any CPU
		{AB290DF2-F262-4660-A5BA-05D108243D66}.Debug|Any CPU.ActiveCfg = Debug|Any CPU
		{AB290DF2-F262-4660-A5BA-05D108243D66}.Debug|Any CPU.Build.0 = Debug|Any CPU
		{AB290DF2-F262-4660-A5BA-05D108243D66}.Release|Any CPU.ActiveCfg = Release|Any CPU
		{AB290DF2-F262-4660-A5BA-05D108243D66}.Release|Any CPU.Build.0 = Release|Any CPU
		{518D42AA-DEEA-4704-A97C-A6BE2BD20CEB}.Debug|Any CPU.ActiveCfg = Debug|Any CPU
		{518D42AA-DEEA-4704-A97C-A6BE2BD20CEB}.Debug|Any CPU.Build.0 = Debug|Any CPU
		{518D42AA-DEEA-4704-A97C-A6BE2BD20CEB}.Release|Any CPU.ActiveCfg = Release|Any CPU
		{518D42AA-DEEA-4704-A97C-A6BE2BD20CEB}.Release|Any CPU.Build.0 = Release|Any CPU
		{18510CFB-49B2-41B8-83A8-CC0AB6F8E554}.Debug|Any CPU.ActiveCfg = Debug|Any CPU
		{18510CFB-49B2-41B8-83A8-CC0AB6F8E554}.Debug|Any CPU.Build.0 = Debug|Any CPU
		{18510CFB-49B2-41B8-83A8-CC0AB6F8E554}.Release|Any CPU.ActiveCfg = Release|Any CPU
		{18510CFB-49B2-41B8-83A8-CC0AB6F8E554}.Release|Any CPU.Build.0 = Release|Any CPU
		{292B8B7F-D90A-4105-A32C-71AF48B2C4D8}.Debug|Any CPU.ActiveCfg = Debug|Any CPU
		{292B8B7F-D90A-4105-A32C-71AF48B2C4D8}.Debug|Any CPU.Build.0 = Debug|Any CPU
		{292B8B7F-D90A-4105-A32C-71AF48B2C4D8}.Release|Any CPU.ActiveCfg = Release|Any CPU
		{292B8B7F-D90A-4105-A32C-71AF48B2C4D8}.Release|Any CPU.Build.0 = Release|Any CPU
		{4EFDB309-306A-452C-9AD9-B00E20B63295}.Debug|Any CPU.ActiveCfg = Debug|Any CPU
		{4EFDB309-306A-452C-9AD9-B00E20B63295}.Debug|Any CPU.Build.0 = Debug|Any CPU
		{4EFDB309-306A-452C-9AD9-B00E20B63295}.Release|Any CPU.ActiveCfg = Release|Any CPU
		{4EFDB309-306A-452C-9AD9-B00E20B63295}.Release|Any CPU.Build.0 = Release|Any CPU
		{9BC82BDF-23E4-4154-B0E3-720EDC4DD7B8}.Debug|Any CPU.ActiveCfg = Debug|Any CPU
		{9BC82BDF-23E4-4154-B0E3-720EDC4DD7B8}.Debug|Any CPU.Build.0 = Debug|Any CPU
		{9BC82BDF-23E4-4154-B0E3-720EDC4DD7B8}.Release|Any CPU.ActiveCfg = Release|Any CPU
		{9BC82BDF-23E4-4154-B0E3-720EDC4DD7B8}.Release|Any CPU.Build.0 = Release|Any CPU
		{5DE4D877-8285-4157-B365-2606A29C9710}.Debug|Any CPU.ActiveCfg = Debug|Any CPU
		{5DE4D877-8285-4157-B365-2606A29C9710}.Debug|Any CPU.Build.0 = Debug|Any CPU
		{5DE4D877-8285-4157-B365-2606A29C9710}.Release|Any CPU.ActiveCfg = Release|Any CPU
		{5DE4D877-8285-4157-B365-2606A29C9710}.Release|Any CPU.Build.0 = Release|Any CPU
		{7D2A4ECE-E6C8-4AD1-AD6C-FEFF33EDB0D7}.Debug|Any CPU.ActiveCfg = Debug|Any CPU
		{7D2A4ECE-E6C8-4AD1-AD6C-FEFF33EDB0D7}.Debug|Any CPU.Build.0 = Debug|Any CPU
		{7D2A4ECE-E6C8-4AD1-AD6C-FEFF33EDB0D7}.Release|Any CPU.ActiveCfg = Release|Any CPU
		{7D2A4ECE-E6C8-4AD1-AD6C-FEFF33EDB0D7}.Release|Any CPU.Build.0 = Release|Any CPU
		{5F223D7A-A289-41D7-9C4C-BC9761D8E9FC}.Debug|Any CPU.ActiveCfg = Debug|Any CPU
		{5F223D7A-A289-41D7-9C4C-BC9761D8E9FC}.Debug|Any CPU.Build.0 = Debug|Any CPU
		{5F223D7A-A289-41D7-9C4C-BC9761D8E9FC}.Release|Any CPU.ActiveCfg = Release|Any CPU
		{5F223D7A-A289-41D7-9C4C-BC9761D8E9FC}.Release|Any CPU.Build.0 = Release|Any CPU
	EndGlobalSection
	GlobalSection(SolutionProperties) = preSolution
		HideSolutionNode = FALSE
	EndGlobalSection
	GlobalSection(ExtensibilityGlobals) = postSolution
		SolutionGuid = {93B3B6FD-F48E-4094-AEE3-E5D73BFE79A6}
	EndGlobalSection
EndGlobal
